# This file is automatically @generated by Cargo.
# It is not intended for manual editing.
version = 4

[[package]]
name = "async-broadcast"
version = "0.7.2"
source = "registry+https://github.com/rust-lang/crates.io-index"
checksum = "435a87a52755b8f27fcf321ac4f04b2802e337c8c4872923137471ec39c37532"
dependencies = [
 "event-listener",
 "event-listener-strategy",
 "futures-core",
 "pin-project-lite",
]

[[package]]
name = "async-channel"
version = "2.5.0"
source = "registry+https://github.com/rust-lang/crates.io-index"
checksum = "924ed96dd52d1b75e9c1a3e6275715fd320f5f9439fb5a4a11fa51f4221158d2"
dependencies = [
 "concurrent-queue",
 "event-listener-strategy",
 "futures-core",
 "pin-project-lite",
]

[[package]]
name = "async-executor"
version = "1.13.3"
source = "registry+https://github.com/rust-lang/crates.io-index"
checksum = "c89388c33a5e94c54b8f3b3d78ac56f29b5fc7d148de97bb23b0ba8afc08c1bb"
dependencies = [
 "async-task",
 "concurrent-queue",
 "fastrand",
 "futures-lite",
 "slab",
]

[[package]]
name = "async-fs"
version = "2.2.0"
source = "registry+https://github.com/rust-lang/crates.io-index"
checksum = "849657672493fd18fe4f6a06bda4875c66f875acf4e1da7f15cf1ec5dd0dc669"
dependencies = [
 "async-lock",
 "blocking",
 "futures-lite",
]

[[package]]
name = "async-io"
version = "2.6.0"
source = "registry+https://github.com/rust-lang/crates.io-index"
checksum = "441ec91aa9807ef3e2bb4e94a67639a1647998e7ec19921ac4c013c061e75580"
dependencies = [
 "async-lock",
 "cfg-if",
 "concurrent-queue",
 "futures-io",
 "futures-lite",
 "parking",
 "polling",
 "rustix",
 "slab",
 "tracing",
 "windows-sys",
]

[[package]]
name = "async-lock"
version = "3.4.1"
source = "registry+https://github.com/rust-lang/crates.io-index"
checksum = "0cc3f69f6e07f33ae75d34b668f5f6ab2dbcc1356b4790f5a68c9a85943c19d5"
dependencies = [
 "event-listener",
 "event-listener-strategy",
 "pin-project-lite",
]

[[package]]
name = "async-process"
version = "2.5.0"
source = "registry+https://github.com/rust-lang/crates.io-index"
checksum = "c236e151cda7e4d04f5c0d78845e9503ce31b6bb8f325cab639b60517c33a3fd"
dependencies = [
 "async-channel",
 "async-io",
 "async-lock",
 "async-signal",
 "async-task",
 "blocking",
 "cfg-if",
 "event-listener",
 "futures-lite",
 "rustix",
]

[[package]]
name = "async-recursion"
version = "1.1.1"
source = "registry+https://github.com/rust-lang/crates.io-index"
checksum = "3b43422f69d8ff38f95f1b2bb76517c91589a924d1559a0e935d7c8ce0274c11"
dependencies = [
 "proc-macro2",
 "quote",
 "syn 2.0.119",
]

[[package]]
name = "async-signal"
version = "0.2.14"
source = "registry+https://github.com/rust-lang/crates.io-index"
checksum = "52b5aaafa020cf5053a01f2a60e8ff5dccf550f0f77ec54a4e47285ac2bab485"
dependencies = [
 "async-io",
 "async-lock",
 "atomic-waker",
 "cfg-if",
 "futures-core",
 "futures-io",
 "rustix",
 "signal-hook-registry",
 "slab",
 "windows-sys",
]

[[package]]
name = "async-task"
version = "4.7.1"
source = "registry+https://github.com/rust-lang/crates.io-index"
checksum = "e47413d979d40836df959efdc4a0a4f4e383813f6871de8b5bf94d10ffdc649c"

[[package]]
name = "atomic-waker"
version = "1.1.2"
source = "registry+https://github.com/rust-lang/crates.io-index"
checksum = "6f6c3e0726ba66e9c2ca01a81608f4c5a29dd4a20b3cc5aa6b08972a3c12c6e5"

[[package]]
name = "autocfg"
version = "1.5.0"
source = "registry+https://github.com/rust-lang/crates.io-index"
checksum = "c08606f8c3cbf4ce6ec8e28fb0014a2c086708fe954eaa885384a6165172e7e8"

[[package]]
name = "bitflags"
version = "2.10.0"
source = "registry+https://github.com/rust-lang/crates.io-index"
checksum = "812e12b5285cc515a9c72a5c1d3b6d46a19dac5acfef5265968c166106e31dd3"

[[package]]
name = "block-buffer"
version = "0.10.4"
source = "registry+https://github.com/rust-lang/crates.io-index"
checksum = "3078c7629b62d3f0439517fa394996acacc5cbc91c5a20d8c658e77abd503a71"
dependencies = [
 "generic-array",
]

[[package]]
name = "blocking"
version = "1.7.0"
source = "registry+https://github.com/rust-lang/crates.io-index"
checksum = "a70e4329df6cb94385eed412ec92375c3cdd8a6e502493d1229b6414e4036dfa"
dependencies = [
 "async-channel",
 "async-task",
 "futures-io",
 "futures-lite",
 "piper",
]

[[package]]
name = "blueroute"
version = "0.1.0"

[[package]]
name = "blueroute-client"
version = "0.1.0"

[[package]]
name = "blueroute-core"
version = "0.1.0"
dependencies = [
 "serde",
]

[[package]]
name = "blueroute-daemon"
version = "0.1.0"
dependencies = [
 "async-io",
 "blueroute-core",
 "blueroute-linux",
 "blueroute-protocol",
 "futures-lite",
 "zbus",
]

[[package]]
name = "blueroute-desktop"
version = "0.1.0"

[[package]]
name = "blueroute-linux"
version = "0.1.0"
dependencies = [
 "async-io",
 "blueroute-core",
 "futures-lite",
 "zbus",
]

[[package]]
name = "blueroute-protocol"
version = "0.1.0"
dependencies = [
 "blueroute-core",
 "serde",
 "serde_json",
]

[[package]]
name = "blueroute-tui"
version = "0.1.0"

[[package]]
name = "blueroute-ui"
version = "0.1.0"

[[package]]
name = "blueroute-cli"
version = "0.1.0"

[[package]]
name = "cfg-if"
version = "1.0.4"
source = "registry+https://github.com/rust-lang/crates.io-index"
checksum = "9330f8b2ff13f34540b44e946ef351118e82e5bcef8df5b7d08dded055d7e903"

[[package]]
name = "concurrent-queue"
version = "2.5.0"
source = "registry+https://github.com/rust-lang/crates.io-index"
checksum = "4ca0197a2f4f4842b4ecf570d35a6c0eb8fb6f7fd9ce67d1f248aef11eb2af87"
dependencies = [
 "crossbeam-utils",
]

[[package]]
name = "cpufeatures"
version = "0.2.17"
source = "registry+https://github.com/rust-lang/crates.io-index"
checksum = "59ed5838eebb26ea719ab8927d95a256da9dc9c347d3bc339f7f708bdc7b3e5f"
dependencies = [
 "libc",
]

[[package]]
name = "crossbeam-utils"
version = "0.8.21"
source = "registry+https://github.com/rust-lang/crates.io-index"
checksum = "d0a5c400df2834b80a4c3327b3aad3a4c4cd4de062e6889a826c451795da5abb"

[[package]]
name = "crypto-common"
version = "0.1.7"
source = "registry+https://github.com/rust-lang/crates.io-index"
checksum = "42cd5765bdca470b29e5d1517f01d34fb9457a836fedc07b5b24df9d27c3f4b"
dependencies = [
 "generic-array",
 "typenum",
]

[[package]]
name = "deranged"
version = "0.5.5"
source = "registry+https://github.com/rust-lang/crates.io-index"
checksum = "24a8c4a64a9bad810e81e3da65086810950c4db4b7d6dd7bd69a6bcb410aa93d"
dependencies = [
 "powerfmt",
]

[[package]]
name = "digest"
version = "0.10.7"
source = "registry+https://github.com/rust-lang/crates.io-index"
checksum = "9ed9b5c91398a6a617371755e128695cd2388d30d6a011fe3a7bb2527fce1c0"
dependencies = [
 "block-buffer",
 "crypto-common",
]

[[package]]
name = "endi"
version = "1.1.1"
source = "registry+https://github.com/rust-lang/crates.io-index"
checksum = "a3d8a32ae18130a3f3c5171a3e0e8a8868468fa6fc0918583a0897a413e20820"

[[package]]
name = "enumflags2"
version = "0.7.12"
source = "registry+https://github.com/rust-lang/crates.io-index"
checksum = "102b347b2d1e2cba54db11483ab4e5e0c7a0cd7ed23ff8e3a8b53831387c8da6"
dependencies = [
 "enumflags2_derive",
]

[[package]]
name = "enumflags2_derive"
version = "0.7.12"
source = "registry+https://github.com/rust-lang/crates.io-index"
checksum = "b808e529930339e4dc82a98807559d28473ba4f1318183154944a8e8ce92f908"
dependencies = [
 "proc-macro2",
 "quote",
 "syn 2.0.119",
]

[[package]]
name = "equivalent"
version = "1.0.2"
source = "registry+https://github.com/rust-lang/crates.io-index"
checksum = "877a4ace8713b0bcf2a4e7eec82529c029f1d0619886d18145fea96c3ffe5c0f"

[[package]]
name = "errno"
version = "0.3.14"
source = "registry+https://github.com/rust-lang/crates.io-index"
checksum = "39eaedf6164aafdc9d88cf02655f2d7d277654081e20ef3c5f7f9eec527b3c103"
dependencies = [
 "libc",
 "windows-sys",
]

[[package]]
name = "event-listener"
version = "5.4.1"
source = "registry+https://github.com/rust-lang/crates.io-index"
checksum = "8d5a730c4c3959d7b485ae6f12e210cd0f66900308a908c5d67aafed85d0d1cb"
dependencies = [
 "concurrent-queue",
 "parking",
 "pin-project-lite",
]

[[package]]
name = "event-listener-strategy"
version = "0.5.4"
source = "registry+https://github.com/rust-lang/crates.io-index"
checksum = "8be9fdfa8302e1a90aa56810e0f6fd06cce6f7d359755bf612eb6ccb5a0cd76"
dependencies = [
 "event-listener",
 "pin-project-lite",
]

[[package]]
name = "fastrand"
version = "2.3.0"
source = "registry+https://github.com/rust-lang/crates.io-index"
checksum = "eacc7421c875d5ba894056593d479e40f218d13bc19810a319a545649141a19a"

[[package]]
name = "futures-core"
version = "0.3.31"
source = "registry+https://github.com/rust-lang/crates.io-index"
checksum = "4764fa7aa4750169380b39d63d3c0b8a2b564cd676959e665ef5ef413b3a8f8"

[[package]]
name = "futures-io"
version = "0.3.31"
source = "registry+https://github.com/rust-lang/crates.io-index"
checksum = "fc4046f29c1f760ca9b2cbddc4c09fe9983e19d0098f1bfb234405114e2ee628"

[[package]]
name = "futures-lite"
version = "2.6.1"
source = "registry+https://github.com/rust-lang/crates.io-index"
checksum = "fcbc3c243b2e1899d70bd06871b720d02d30be076bcd2e91fd2913a38d257f08"
dependencies = [
 "fastrand",
 "futures-core",
 "futures-io",
 "parking",
 "pin-project-lite",
]

[[package]]
name = "generic-array"
version = "0.14.7"
source = "registry+https://github.com/rust-lang/crates.io-index"
checksum = "85649ca51f932c77a6d29bb524f7f86d4ed4890c2820285f6c1f8bcf2181282"
dependencies = [
 "typenum",
 "version_check",
]

[[package]]
name = "getrandom"
version = "0.3.4"
source = "registry+https://github.com/rust-lang/crates.io-index"
checksum = "899def5c37c4fd7bbaed9e95a11e6c9d01c2e2df9b1385275856e232c253b9e2"
dependencies = [
 "cfg-if",
 "libc",
 "r-efi",
 "wasip2",
]

[[package]]
name = "hashbrown"
version = "0.16.1"
source = "registry+https://github.com/rust-lang/crates.io-index"
checksum = "2caa2c461d15752f5e61f7cfaa62c02e6b0c6cc297a9a5a2f1fbd8b4c89e708b"

[[package]]
name = "indexmap"
version = "2.12.1"
source = "registry+https://github.com/rust-lang/crates.io-index"
checksum = "9967a0cb1b7e4e688505c9f5172f9f3a62f85831f9328374150d052e5ac8ec4b"
dependencies = [
 "equivalent",
 "hashbrown",
 "serde",
 "serde_core",
]

[[package]]
name = "itoa"
version = "1.0.15"
source = "registry+https://github.com/rust-lang/crates.io-index"
checksum = "4a5f13b858c8d314ee3e8f639011f7cce0d5339c1b54a8da2e4ccda94b11b2be"

[[package]]
name = "libc"
version = "0.2.177"
source = "registry+https://github.com/rust-lang/crates.io-index"
checksum = "2874a2af47a2325c2001a6e6fad9b16a53b802102b528163885171cf92b15976"

[[package]]
name = "linux-raw-sys"
version = "0.11.0"
source = "registry+https://github.com/rust-lang/crates.io-index"
checksum = "f7c74e8f7e269932c016f1503b7043ff759c837b04b1965b600baf1905dc9ded"

[[package]]
name = "memchr"
version = "2.7.6"
source = "registry+https://github.com/rust-lang/crates.io-index"
checksum = "f52b00d39961fc5b2736ea853c9cc86238e165b1050d8ee38c57c72760f52159"

[[package]]
name = "memoffset"
version = "0.9.1"
source = "registry+https://github.com/rust-lang/crates.io-index"
checksum = "488016bfae457b036d996092f401f6dfd04ae77dd1612756bc074ae90d92d60b"
dependencies = [
 "autocfg",
]

[[package]]
name = "nix"
version = "0.30.1"
source = "registry+https://github.com/rust-lang/crates.io-index"
checksum = "74523f3a35e05aba87a1d978330aef40f67b0304ac79c1c00b294c9830543db6"
dependencies = [
 "bitflags",
 "cfg-if",
 "libc",
 "memoffset",
]

[[package]]
name = "num-conv"
version = "0.1.0"
source = "registry+https://github.com/rust-lang/crates.io-index"
checksum = "51d515621e83ad1e4ed3ef00d4a789b67f00b34a746e71c1c76d43e9d9e6e4f4"

[[package]]
name = "once_cell"
version = "1.21.3"
source = "registry+https://github.com/rust-lang/crates.io-index"
checksum = "42f5e15c9953c5eaf7f2023d0a8a6ea6f8709272dbe1c5f486a7f0b1e2cbe45b"

[[package]]
name = "ordered-stream"
version = "0.2.0"
source = "registry+https://github.com/rust-lang/crates.io-index"
checksum = "14e7e9ce9d76f5bf770c6a2cbad89ea5714f2f6bd08a1c6f3e2691ec95fb3a5a"
dependencies = [
 "futures-core",
 "pin-project-lite",
]

[[package]]
name = "parking"
version = "2.2.1"
source = "registry+https://github.com/rust-lang/crates.io-index"
checksum = "d2cf8fbdfc24e66e8288cd872d2a62a0f8c0a92e064608888046e5dfc5abbd98"

[[package]]
name = "pin-project-lite"
version = "0.2.16"
source = "registry+https://github.com/rust-lang/crates.io-index"
checksum = "3b3f2c8e8d4c4d46a902c4dfe6b7a54843c6960378e0d20aa0eab7d4c90b96d6"

[[package]]
name = "piper"
version = "0.2.4"
source = "registry+https://github.com/rust-lang/crates.io-index"
checksum = "96f734c654e0a996984662a35093132417885425018074946132c61d0f6d1f99"
dependencies = [
 "atomic-waker",
 "fastrand",
 "futures-io",
]

[[package]]
name = "polling"
version = "3.11.0"
source = "registry+https://github.com/rust-lang/crates.io-index"
checksum = "b9073fcf4c0780d9c4812ee6df76d38ef3a6fd2f83475bfb5f7ee653e0e89275"
dependencies = [
 "cfg-if",
 "concurrent-queue",
 "hermit-abi",
 "pin-project-lite",
 "rustix",
 "tracing",
 "windows-sys",
]

[[package]]
name = "powerfmt"
version = "0.2.0"
source = "registry+https://github.com/rust-lang/crates.io-index"
checksum = "439ee66debe3a1e9b92ce3d76c3ad4baab46b9ee6a61cc6198aa09e4085d1fac"

[[package]]
name = "proc-macro-crate"
version = "3.4.0"
source = "registry+https://github.com/rust-lang/crates.io-index"
checksum = "6d527303768d3516d3a570b0849f600cc1a3be5714fd3c6ce39633c942c72dc3"
dependencies = [
 "toml_edit",
]

[[package]]
name = "proc-macro2"
version = "1.0.103"
source = "registry+https://github.com/rust-lang/crates.io-index"
checksum = "5ee95bc4ef87b8d5ba32e8b7714f2c00e54ee1d93f22d7d3a9a26d8c3fa5cfb0"
dependencies = [
 "unicode-ident",
]

[[package]]
name = "quote"
version = "1.0.42"
source = "registry+https://github.com/rust-lang/crates.io-index"
checksum = "a338cc3bcbe296fbc2f2d60b28fd9f4c3a715dfae63d52c3b89c12dd64481490"
dependencies = [
 "proc-macro2",
]

[[package]]
name = "r-efi"
version = "5.3.0"
source = "registry+https://github.com/rust-lang/crates.io-index"
checksum = "69cdb34c158ceb288df11e18b4bd39de994f6657d74f87c0a6c554a739f30dbe"

[[package]]
name = "rustix"
version = "1.1.2"
source = "registry+https://github.com/rust-lang/crates.io-index"
checksum = "cd15a6fbd57d0f1a813a8c59e5f2afcad5c4470f5f44d9d02206fcb62a01381d"
dependencies = [
 "bitflags",
 "errno",
 "libc",
 "linux-raw-sys",
 "windows-sys",
]

[[package]]
name = "ryu"
version = "1.0.20"
source = "registry+https://github.com/rust-lang/crates.io-index"
checksum = "28d3b2b9e38f9457a8a2f253b0a492475423018cbd2a40e16f2b3e5a3151f3ff"

[[package]]
name = "serde"
version = "1.0.229"
source = "registry+https://github.com/rust-lang/crates.io-index"
checksum = "bb46e37c2ba0a0df64a5a4c5eab4464f5ae605ea18f6e1e9b9f5f2ca3a2c8f5f"
dependencies = [
 "serde_core",
 "serde_derive",
]

[[package]]
name = "serde_core"
version = "1.0.229"
source = "registry+https://github.com/rust-lang/crates.io-index"
checksum = "300ad4f6a0e4f914ef66c6c1f2d1b5c24da6885c59b9a44a0e8d5e0efb459b83"
dependencies = [
 "serde_derive",
]

[[package]]
name = "serde_derive"
version = "1.0.229"
source = "registry+https://github.com/rust-lang/crates.io-index"
checksum = "ef9f6067fa94b51d477cbf7a09e67b9f4dd8bce95a61ddd7b75f2bb28547c7f2"
dependencies = [
 "proc-macro2",
 "quote",
 "syn 2.0.119",
]

[[package]]
name = "serde_json"
version = "1.0.145"
source = "registry+https://github.com/rust-lang/crates.io-index"
checksum = "402a6f66d8c709116cf22f558eab210f5a50187f702eb4d7e5ef38d9a7f1c79c"
dependencies = [
 "itoa",
 "memchr",
 "ryu",
 "serde",
 "serde_core",
]

[[package]]
name = "signal-hook-registry"
version = "1.4.6"
source = "registry+https://github.com/rust-lang/crates.io-index"
checksum = "b1adf9c666d8a7e37d6f8b4cfae4a73b7d4b99e9a842e3f76a6110d073adc18f"
dependencies = [
 "libc",
]

[[package]]
name = "slab"
version = "0.4.11"
source = "registry+https://github.com/rust-lang/crates.io-index"
checksum = "7d4aa3a7cb95f8e3e51f8f52e16461a7884656ba5fa0e10d2fe4ec99fa38f7d7"

[[package]]
name = "syn"
version = "1.0.109"
source = "registry+https://github.com/rust-lang/crates.io-index"
checksum = "72b64191b275fbd1a70f8fe2608375fa2e18c2ef9e3b31271816e1646fba0899"
dependencies = [
 "proc-macro2",
 "quote",
 "unicode-ident",
]

[[package]]
name = "syn"
version = "2.0.119"
source = "registry+https://github.com/rust-lang/crates.io-index"
checksum = "e2fd1a7c5e873b8855648d8cc6db1b85d14ddbffeedb4f5be7dd1f7e22e1f6d9"
dependencies = [
 "proc-macro2",
 "quote",
 "unicode-ident",
]

[[package]]
name = "thiserror"
version = "2.0.17"
source = "registry+https://github.com/rust-lang/crates.io-index"
checksum = "5c78b435fb23d3f2a8a61a5a4a38e4a0b305459822435912eb6734451ea0f54b"
dependencies = [
 "thiserror-impl",
]

[[package]]
name = "thiserror-impl"
version = "2.0.17"
source = "registry+https://github.com/rust-lang/crates.io-index"
checksum = "5d623df0140794a9dbfc3d31105b8c8f0202d7734be514156569901271bc46c8"
dependencies = [
 "proc-macro2",
 "quote",
 "syn 2.0.119",
]

[[package]]
name = "time"
version = "0.3.44"
source = "registry+https://github.com/rust-lang/crates.io-index"
checksum = "91d05b07929557724143bebb93aa28511a812dd5b37b06d0e247f4216f6a1ac7"
dependencies = [
 "deranged",
 "num-conv",
 "powerfmt",
 "serde_core",
 "time-core",
]

[[package]]
name = "time-core"
version = "0.1.6"
source = "registry+https://github.com/rust-lang/crates.io-index"
checksum = "40868e4d64c0eb015f329cc60586176b18a3c27c5409c65ad8e7116ad27f7f31"

[[package]]
name = "toml_datetime"
version = "0.7.3"
source = "registry+https://github.com/rust-lang/crates.io-index"
checksum = "57f0ef06f2c565776c4488f30cae6711f1d64c88c77f55d28d8c7f4e021dc35"

[[package]]
name = "toml_edit"
version = "0.23.7"
source = "registry+https://github.com/rust-lang/crates.io-index"
checksum = "3c51e126ef71cc8707b11e927930c3dfec2dfbdb9ae7e47473f7759294e523d7"
dependencies = [
 "indexmap",
 "toml_datetime",
 "winnow",
]

[[package]]
name = "tracing"
version = "0.1.41"
source = "registry+https://github.com/rust-lang/crates.io-index"
checksum = "784e0f6bcfb0c2e265e37c5f1e2c3e70f024db0a8146611ea1f8eb1c53995442"
dependencies = [
 "pin-project-lite",
 "tracing-core",
]

[[package]]
name = "tracing-core"
version = "0.1.34"
source = "registry+https://github.com/rust-lang/crates.io-index"
checksum = "b9e3a9d0da484e3ab68c3a63f3d99b6b6a6b6d4967c1b6fa213c8893511f8af"
dependencies = [
 "once_cell",
]

[[package]]
name = "typenum"
version = "1.19.0"
source = "registry+https://github.com/rust-lang/crates.io-index"
checksum = "562d481066bde57ccdb70b6a37b0aa564c2a2c9bce9429201164881cd20203a8"

[[package]]
name = "unicode-ident"
version = "1.0.22"
source = "registry+https://github.com/rust-lang/crates.io-index"
checksum = "9312f7c4f5f44458e5f64cb5a1fb831860bb7b4a89b0b6322a0b540f0b4822d7"

[[package]]
name = "version_check"
version = "0.9.5"
source = "registry+https://github.com/rust-lang/crates.io-index"
checksum = "0b928ab3e72ac81ed1f3b3a620a5c4e1748e09f0c2a6f20c524d0f340705919"

[[package]]
name = "wasi"
version = "0.11.1+wasi-snapshot-preview1"
source = "registry+https://github.com/rust-lang/crates.io-index"
checksum = "ccf3ec651a847eb01de73ccad15eb7db83179a68da5c544ec8d2695101df1f0e"

[[package]]
name = "wasip2"
version = "1.0.1+wasi-0.2.4"
source = "registry+https://github.com/rust-lang/crates.io-index"
checksum = "0562428422c63773b4bb85e5be7f2ef559d46a20487a0fb48f437ecaef7d45c2"
dependencies = [
 "wit-bindgen",
]

[[package]]
name = "windows-sys"
version = "0.60.2"
source = "registry+https://github.com/rust-lang/crates.io-index"
checksum = "f2f500e4d28234f72040990ec9d39e3a6b950f9f22d3dba18416c35882612bcb"
dependencies = [
 "windows-targets",
]

[[package]]
name = "windows-targets"
version = "0.53.5"
source = "registry+https://github.com/rust-lang/crates.io-index"
checksum = "4945f6f8f4d782a028052bc0103589eb3b5e356d064614c021192de03856fd44"
dependencies = [
 "windows_aarch64_gnullvm",
 "windows_aarch64_msvc",
 "windows_i686_gnu",
 "windows_i686_gnullvm",
 "windows_i686_msvc",
 "windows_x86_64_gnu",
 "windows_x86_64_gnullvm",
 "windows_x86_64_msvc",
]

[[package]]
name = "windows_aarch64_gnullvm"
version = "0.53.1"
source = "registry+https://github.com/rust-lang/crates.io-index"
checksum = "47f8b2c35ac5e6dd876020a6e1c7c23717cc37d0ad6098afae2cd00bda1a5f5c"

[[package]]
name = "windows_aarch64_msvc"
version = "0.53.1"
source = "registry+https://github.com/rust-lang/crates.io-index"
checksum = "742df25dc7a0ac8fbb0a76c58e8b5a315fc825c7eeed381dd603f5a65f2f2393"

[[package]]
name = "windows_i686_gnu"
version = "0.53.1"
source = "registry+https://github.com/rust-lang/crates.io-index"
checksum = "c622002dd436c1cf3a4629200ceb3433bb55d2c797280577650a9c9ba9e0d4a8"

[[package]]
name = "windows_i686_gnullvm"
version = "0.53.1"
source = "registry+https://github.com/rust-lang/crates.io-index"
checksum = "2d6b6beaf82d87309a7783f4b394f1c4e7d9ad87a789385a98f0b3fc4e44071c"

[[package]]
name = "windows_i686_msvc"
version = "0.53.1"
source = "registry+https://github.com/rust-lang/crates.io-index"
checksum = "b6448590a9d809957c29a74421ec8e7a084adaed98a78ab7da5fb019748a0291"

[[package]]
name = "windows_x86_64_gnu"
version = "0.53.1"
source = "registry+https://github.com/rust-lang/crates.io-index"
checksum = "a2f984e945c7fa1cb29a1c02c7f9db74b5fd335238e8a70eebc8978f7c3f396f"

[[package]]
name = "windows_x86_64_gnullvm"
version = "0.53.1"
source = "registry+https://github.com/rust-lang/crates.io-index"
checksum = "a8ed8beae14f3947677126d462e2aeb6d5438e0121c187b860d43b3d4b3cc4d2"

[[package]]
name = "windows_x86_64_msvc"
version = "0.53.1"
source = "registry+https://github.com/rust-lang/crates.io-index"
checksum = "dd05d4f3129c66d3f92d86ebffec59d9b6e58e2dc1ad741b93b3cb5feeb00f88"

[[package]]
name = "winnow"
version = "0.7.13"
source = "registry+https://github.com/rust-lang/crates.io-index"
checksum = "21e4d3a24c03b7c89ac18dd16b1c0e5f7b19d312302caf0d3e6b9d892735fa4d"

[[package]]
name = "wit-bindgen"
version = "0.46.0"
source = "registry+https://github.com/rust-lang/crates.io-index"
checksum = "8d3ed7f7ea6127d2521c8bcdf39d5623a9181adbc96e23da4917d24442c3e6f0"
dependencies = [
 "wit-bindgen-rust-macro",
]

[[package]]
name = "wit-bindgen-core"
version = "0.46.0"
source = "registry+https://github.com/rust-lang/crates.io-index"
checksum = "f7ad81b1a5ac3b4f90117cdf29121ba6c5a60461672bd8999896e4531a398334"
dependencies = [
 "wit-parser",
]

[[package]]
name = "wit-bindgen-rust"
version = "0.46.0"
source = "registry+https://github.com/rust-lang/crates.io-index"
checksum = "3d203289ff1b5715f7a37cf477968aad7599c11df1e00cd582388191668610cd"
dependencies = [
 "anyhow",
 "heck",
 "indexmap",
 "prettyplease",
 "wasm-metadata",
 "wit-bindgen-core",
 "wit-component",
]

[[package]]
name = "wit-bindgen-rust-macro"
version = "0.46.0"
source = "registry+https://github.com/rust-lang/crates.io-index"
checksum = "f03939ac59f99161e52574eb5a2dd480a9abbe0f900a341f3b8de8f7c78a8786"
dependencies = [
 "anyhow",
 "prettyplease",
 "proc-macro2",
 "quote",
 "syn 2.0.119",
 "wasm-metadata",
 "wit-bindgen-core",
 "wit-bindgen-rust",
 "wit-component",
]

[[package]]
name = "wit-component"
version = "0.239.0"
source = "registry+https://github.com/rust-lang/crates.io-index"
checksum = "bb7624fc35945e254158067878947016c48142e79b2c6d9e08fbb47e21e3122"
dependencies = [
 "anyhow",
 "bitflags",
 "indexmap",
 "log",
 "serde",
 "serde_derive",
 "serde_json",
 "wasm-encoder",
 "wasm-metadata",
 "wasmparser",
 "wit-parser",
]

[[package]]
name = "wit-parser"
version = "0.239.0"
source = "registry+https://github.com/rust-lang/crates.io-index"
checksum = "0fe67e59b9158ee36df4842f61fc0e4ae6a6e1a5c62a0e4b2ecf86a2f735ba5a"
dependencies = [
 "anyhow",
 "id-arena",
 "indexmap",
 "log",
 "semver",
 "serde",
 "serde_derive",
 "serde_json",
 "unicode-xid",
 "wasmparser",
]

[[package]]
name = "zbus"
version = "5.19.0"
source = "registry+https://github.com/rust-lang/crates.io-index"
checksum = "3f4aab7f8f36d664a9a393dbad8f20cc12b7577c73a0e2ddc5c7f0b2b85d4e6a"
dependencies = [
 "async-broadcast",
 "async-executor",
 "async-fs",
 "async-io",
 "async-lock",
 "async-process",
 "async-recursion",
 "async-task",
 "enumflags2",
 "event-listener",
 "futures-core",
 "futures-lite",
 "hex",
 "nix",
 "ordered-stream",
 "rand",
 "serde",
 "serde_repr",
 "tracing",
 "uds_windows",
 "windows-sys",
 "xdg-home",
 "zbus_macros",
 "zbus_names",
 "zvariant",
]

[[package]]
name = "zbus_macros"
version = "5.19.0"
source = "registry+https://github.com/rust-lang/crates.io-index"
checksum = "3c99b513fb54b8eceb83ab8dad1d0a2e1bf86be47b2015f4dcf700e01e52d4b6"
dependencies = [
 "proc-macro-crate",
 "proc-macro2",
 "quote",
 "syn 2.0.119",
 "zvariant_utils",
]

[[package]]
name = "zbus_names"
version = "4.2.0"
source = "registry+https://github.com/rust-lang/crates.io-index"
checksum = "19ddef192753e2f6a4d151aaee1386446d3c616ab17f8c1e8b7e01127b7f47d7"
dependencies = [
 "serde",
 "static_assertions",
 "zvariant",
]

[[package]]
name = "zvariant"
version = "5.8.0"
source = "registry+https://github.com/rust-lang/crates.io-index"
checksum = "f1c98b88c733f19b91a4b2af9b8f0a4a2d9c5a1a9e7c5d3bb43ab7bfc19f2779"
dependencies = [
 "endi",
 "enumflags2",
 "serde",
 "static_assertions",
 "url",
 "zvariant_derive",
]

[[package]]
name = "zvariant_derive"
version = "5.8.0"
source = "registry+https://github.com/rust-lang/crates.io-index"
checksum = "b0bb59fbd27ae1e6e6ebea6b67ed4072bf2716d9991a30ac2c7fb7ce94219045"
dependencies = [
 "proc-macro-crate",
 "proc-macro2",
 "quote",
 "syn 2.0.119",
 "zvariant_utils",
]

[[package]]
name = "zvariant_utils"
version = "3.2.1"
source = "registry+https://github.com/rust-lang/crates.io-index"
checksum = "6e1f8d0c9938c4b79b90ccbdfc4ccf77a668527152e4f48a8b9708d1d7b4b93d"
dependencies = [
 "proc-macro2",
 "quote",
 "serde",
 "static_assertions",
 "syn 2.0.119",
 "winnow",
]
