# This file is automatically @generated by Cargo.
# It is not intended for manual editing.
version = 4

[[package]]
name = "blueroute"
version = "0.1.0"

[[package]]
name = "blueroute-client"
version = "0.1.0"

[[package]]
name = "blueroute-core"
version = "0.1.0"

[[package]]
name = "blueroute-daemon"
version = "0.1.0"

[[package]]
name = "blueroute-desktop"
version = "0.1.0"

[[package]]
name = "blueroute-linux"
version = "0.1.0"

[[package]]
name = "blueroute-protocol"
version = "0.1.0"

[[package]]
name = "blueroute-tui"
version = "0.1.0"
